{
  "name": "typescript-macros-test",
  "version": "1.0.0",
  "lockfileVersion": 1,
  "requires": true,
  "dependencies": {
    "@types/node": {
      "version": "9.6.5",
      "resolved": "https://registry.npmjs.org/@types/node/-/node-9.6.5.tgz",
      "integrity": "sha512-NOLEgsT6UiDTjnWG5Hd2Mg25LRyz/oe8ql3wbjzgSFeRzRROhPmtlsvIrei4B46UjERF0td9SZ1ZXPLOdcrBHg=="
    },
    "process": {
      "version": "0.11.10",
      "resolved": "https://registry.npmjs.org/process/-/process-0.11.10.tgz",
      "integrity": "sha1-czIwDoQBYb2j5podHZGn1LwW8YI="
    },
    "typescript": {
      "version": "2.8.1",
      "resolved": "https://registry.npmjs.org/typescript/-/typescript-2.8.1.tgz",
      "integrity": "sha512-Ao/f6d/4EPLq0YwzsQz8iXflezpTkQzqAyenTiw4kCUGr1uPiFLC3+fZ+gMZz6eeI/qdRUqvC+HxIJzUAzEFdg==",
      "dev": true
    },
    "typescript-macros": {
      "version": "git+https://github.com/blindmonkey/typescript-macros.git#990507aaeb1473df7ceb795d59d68bdd464206f7",
      "requires": {
        "@types/node": "9.6.5",
        "process": "0.11.10"
      }
    }
  }
}
